// !$*UTF8*$!
{
	archiveVersion = 1;
	classes = {
	};
	objectVersion = 77;
	objects = {

/* Begin PBXBuildFile section */
		01827426B40FF7A80DD5F44A /* TranscriptionRunner.swift in Sources */ = {isa = PBXBuildFile; fileRef = 9F914C0F699D291895522F9C /* TranscriptionRunner.swift */; };
		22ADD5AAC585D0D7139B11BE /* CaptureProofView.swift in Sources */ = {isa = PBXBuildFile; fileRef = 419D91AE242DAC5C688FC9D8 /* CaptureProofView.swift */; };
		24FD468FAE603EE0F20A756A /* AudioFileWriterTests.swift in Sources */ = {isa = PBXBuildFile; fileRef = 0A3F22604AFDA885ACF8724B /* AudioFileWriterTests.swift */; };
		2F72FFD4177EFA69922C2963 /* TranscriptPanelViewModelTests.swift in Sources */ = {isa = PBXBuildFile; fileRef = D647CC7778089DC12A41AE78 /* TranscriptPanelViewModelTests.swift */; };
		372E79EB4C22E5BBE52A3433 /* RecordingArtifactLoader.swift in Sources */ = {isa = PBXBuildFile; fileRef = 43400D481036FC34FFE1BF37 /* RecordingArtifactLoader.swift */; };
		460E9E4DA89D6D428159F1C3 /* MeetingAppTests.swift in Sources */ = {isa = PBXBuildFile; fileRef = 29A091269E33601A9E374A8A /* MeetingAppTests.swift */; };
		517A5ED8BEE48E3CFDF28957 /* CapturePermissionService.swift in Sources */ = {isa = PBXBuildFile; fileRef = 62DC85645B8DE583572E3ED5 /* CapturePermissionService.swift */; };
		61E37928C23DD826547B5DE0 /* MeetingAudioRecorder.swift in Sources */ = {isa = PBXBuildFile; fileRef = 06A155B71947110ED58678EA /* MeetingAudioRecorder.swift */; };
		6D97A96B1B39BA6EEEE9AC4C /* TranscriptionProofViewModelTests.swift in Sources */ = {isa = PBXBuildFile; fileRef = 429E882D9B8A3C246F8A7734 /* TranscriptionProofViewModelTests.swift */; };
		6EE38469A5CACEFAF00A514B /* RecordingSessionViewModel.swift in Sources */ = {isa = PBXBuildFile; fileRef = 064BAFDF0638EAC979E7F367 /* RecordingSessionViewModel.swift */; };
		6F941C0385DBE07C9F20884A /* TranscriptionRunnerTests.swift in Sources */ = {isa = PBXBuildFile; fileRef = 9FB9D832AFFFE1BD2FD71716 /* TranscriptionRunnerTests.swift */; };
		6F9CDC96368BFC030EC5FE19 /* RecordingArtifactLoaderTests.swift in Sources */ = {isa = PBXBuildFile; fileRef = 8388E2E2A8602AFE460EF2B4 /* RecordingArtifactLoaderTests.swift */; };
		90C6DD4DEC79EC36C72ABB93 /* RecordingSessionState.swift in Sources */ = {isa = PBXBuildFile; fileRef = 87D6EF0156D37731D6967E37 /* RecordingSessionState.swift */; };
		9489B698C3BE72507B623DB8 /* RecordingSessionViewModelTests.swift in Sources */ = {isa = PBXBuildFile; fileRef = C9411E7FD1C434C55D79C222 /* RecordingSessionViewModelTests.swift */; };
		9DA7D709B5E6DB0D3E4EAE82 /* MeetingAudioRecorderTests.swift in Sources */ = {isa = PBXBuildFile; fileRef = 0F3BAF037C02A24C12EA855F /* MeetingAudioRecorderTests.swift */; };
		A715B3731A9857B6CA2B1257 /* SystemAudioCaptureEngine.swift in Sources */ = {isa = PBXBuildFile; fileRef = 223C2A7C03C01CB23BEDB386 /* SystemAudioCaptureEngine.swift */; };
		B43B0257939E37161E4EB58F /* MicrophoneCaptureEngine.swift in Sources */ = {isa = PBXBuildFile; fileRef = DD66285D8F2CBA7CB3DEFFF2 /* MicrophoneCaptureEngine.swift */; };
		B44DAA8658A769593B0C91FE /* ContentView.swift in Sources */ = {isa = PBXBuildFile; fileRef = 4E8920AF953BCD4CA157D651 /* ContentView.swift */; };
		C5625129D18F3262E17457DC /* AudioFileWriter.swift in Sources */ = {isa = PBXBuildFile; fileRef = 451BEAF6CC438B064151CA27 /* AudioFileWriter.swift */; };
		C680CB2EF4B041617A694C35 /* TranscriptionProofViewModel.swift in Sources */ = {isa = PBXBuildFile; fileRef = 61CE2BE8B91D2E7F55680EA9 /* TranscriptionProofViewModel.swift */; };
		C7E9361BB71B5846D90D9AB5 /* TranscriptPanelViewModel.swift in Sources */ = {isa = PBXBuildFile; fileRef = F9F246A691D0E47356F58FB4 /* TranscriptPanelViewModel.swift */; };
		E0F2833EE4C2EEE295DA1D73 /* TranscriptPanelView.swift in Sources */ = {isa = PBXBuildFile; fileRef = 7F16B981BF231227F81D57CE /* TranscriptPanelView.swift */; };
		EF3D682D4D3AABF0D61778D8 /* ParakeetTranscription in Frameworks */ = {isa = PBXBuildFile; productRef = E21F645D8DBD4B47429574C5 /* ParakeetTranscription */; };
		F7FD1EEAE3A3C4C338764BF2 /* MeetingApp.swift in Sources */ = {isa = PBXBuildFile; fileRef = 8ACF93E700C756985B60BA36 /* MeetingApp.swift */; };
		FC04327E65A33CCE2DC558BC /* Core in Frameworks */ = {isa = PBXBuildFile; productRef = BA2339EA45BF208415E352C7 /* Core */; };
		FDEB727E988A272D6F1AE77B /* RecordingArtifact.swift in Sources */ = {isa = PBXBuildFile; fileRef = C11902F01ED7120E74E73647 /* RecordingArtifact.swift */; };
/* End PBXBuildFile section */

/* Begin PBXContainerItemProxy section */
		673E79854C73C156E641029F /* PBXContainerItemProxy */ = {
			isa = PBXContainerItemProxy;
			containerPortal = 28ED3300EDBAAB8CE193096A /* Project object */;
			proxyType = 1;
			remoteGlobalIDString = 8D2D29AB71085DA3CCC8E8E7;
			remoteInfo = MeetingApp;
		};
/* End PBXContainerItemProxy section */

/* Begin PBXFileReference section */
		064BAFDF0638EAC979E7F367 /* RecordingSessionViewModel.swift */ = {isa = PBXFileReference; lastKnownFileType = sourcecode.swift; path = RecordingSessionViewModel.swift; sourceTree = "<group>"; };
		06A155B71947110ED58678EA /* MeetingAudioRecorder.swift */ = {isa = PBXFileReference; lastKnownFileType = sourcecode.swift; path = MeetingAudioRecorder.swift; sourceTree = "<group>"; };
		0A3F22604AFDA885ACF8724B /* AudioFileWriterTests.swift */ = {isa = PBXFileReference; lastKnownFileType = sourcecode.swift; path = AudioFileWriterTests.swift; sourceTree = "<group>"; };
		0F3BAF037C02A24C12EA855F /* MeetingAudioRecorderTests.swift */ = {isa = PBXFileReference; lastKnownFileType = sourcecode.swift; path = MeetingAudioRecorderTests.swift; sourceTree = "<group>"; };
		223C2A7C03C01CB23BEDB386 /* SystemAudioCaptureEngine.swift */ = {isa = PBXFileReference; lastKnownFileType = sourcecode.swift; path = SystemAudioCaptureEngine.swift; sourceTree = "<group>"; };
		29A091269E33601A9E374A8A /* MeetingAppTests.swift */ = {isa = PBXFileReference; lastKnownFileType = sourcecode.swift; path = MeetingAppTests.swift; sourceTree = "<group>"; };
		419D91AE242DAC5C688FC9D8 /* CaptureProofView.swift */ = {isa = PBXFileReference; lastKnownFileType = sourcecode.swift; path = CaptureProofView.swift; sourceTree = "<group>"; };
		429E882D9B8A3C246F8A7734 /* TranscriptionProofViewModelTests.swift */ = {isa = PBXFileReference; lastKnownFileType = sourcecode.swift; path = TranscriptionProofViewModelTests.swift; sourceTree = "<group>"; };
		43400D481036FC34FFE1BF37 /* RecordingArtifactLoader.swift */ = {isa = PBXFileReference; lastKnownFileType = sourcecode.swift; path = RecordingArtifactLoader.swift; sourceTree = "<group>"; };
		451BEAF6CC438B064151CA27 /* AudioFileWriter.swift */ = {isa = PBXFileReference; lastKnownFileType = sourcecode.swift; path = AudioFileWriter.swift; sourceTree = "<group>"; };
		46E9DA57938E7A2832536831 /* Core */ = {isa = PBXFileReference; lastKnownFileType = folder; name = Core; path = ../../packages/Core; sourceTree = SOURCE_ROOT; };
		4E8920AF953BCD4CA157D651 /* ContentView.swift */ = {isa = PBXFileReference; lastKnownFileType = sourcecode.swift; path = ContentView.swift; sourceTree = "<group>"; };
		61CE2BE8B91D2E7F55680EA9 /* TranscriptionProofViewModel.swift */ = {isa = PBXFileReference; lastKnownFileType = sourcecode.swift; path = TranscriptionProofViewModel.swift; sourceTree = "<group>"; };
		62DC85645B8DE583572E3ED5 /* CapturePermissionService.swift */ = {isa = PBXFileReference; lastKnownFileType = sourcecode.swift; path = CapturePermissionService.swift; sourceTree = "<group>"; };
		7F16B981BF231227F81D57CE /* TranscriptPanelView.swift */ = {isa = PBXFileReference; lastKnownFileType = sourcecode.swift; path = TranscriptPanelView.swift; sourceTree = "<group>"; };
		8388E2E2A8602AFE460EF2B4 /* RecordingArtifactLoaderTests.swift */ = {isa = PBXFileReference; lastKnownFileType = sourcecode.swift; path = RecordingArtifactLoaderTests.swift; sourceTree = "<group>"; };
		87D6EF0156D37731D6967E37 /* RecordingSessionState.swift */ = {isa = PBXFileReference; lastKnownFileType = sourcecode.swift; path = RecordingSessionState.swift; sourceTree = "<group>"; };
		8ACF93E700C756985B60BA36 /* MeetingApp.swift */ = {isa = PBXFileReference; lastKnownFileType = sourcecode.swift; path = MeetingApp.swift; sourceTree = "<group>"; };
		9F914C0F699D291895522F9C /* TranscriptionRunner.swift */ = {isa = PBXFileReference; lastKnownFileType = sourcecode.swift; path = TranscriptionRunner.swift; sourceTree = "<group>"; };
		9FB9D832AFFFE1BD2FD71716 /* TranscriptionRunnerTests.swift */ = {isa = PBXFileReference; lastKnownFileType = sourcecode.swift; path = TranscriptionRunnerTests.swift; sourceTree = "<group>"; };
		C11902F01ED7120E74E73647 /* RecordingArtifact.swift */ = {isa = PBXFileReference; lastKnownFileType = sourcecode.swift; path = RecordingArtifact.swift; sourceTree = "<group>"; };
		C9411E7FD1C434C55D79C222 /* RecordingSessionViewModelTests.swift */ = {isa = PBXFileReference; lastKnownFileType = sourcecode.swift; path = RecordingSessionViewModelTests.swift; sourceTree = "<group>"; };
		D647CC7778089DC12A41AE78 /* TranscriptPanelViewModelTests.swift */ = {isa = PBXFileReference; lastKnownFileType = sourcecode.swift; path = TranscriptPanelViewModelTests.swift; sourceTree = "<group>"; };
		DD66285D8F2CBA7CB3DEFFF2 /* MicrophoneCaptureEngine.swift */ = {isa = PBXFileReference; lastKnownFileType = sourcecode.swift; path = MicrophoneCaptureEngine.swift; sourceTree = "<group>"; };
		DF8C21534E2AD124148F3AA2 /* MeetingApp.app */ = {isa = PBXFileReference; explicitFileType = wrapper.application; includeInIndex = 0; path = MeetingApp.app; sourceTree = BUILT_PRODUCTS_DIR; };
		DFCA7C7F92EE7AAEBE737435 /* MeetingAppTests.xctest */ = {isa = PBXFileReference; explicitFileType = wrapper.cfbundle; includeInIndex = 0; path = MeetingAppTests.xctest; sourceTree = BUILT_PRODUCTS_DIR; };
		F9F246A691D0E47356F58FB4 /* TranscriptPanelViewModel.swift */ = {isa = PBXFileReference; lastKnownFileType = sourcecode.swift; path = TranscriptPanelViewModel.swift; sourceTree = "<group>"; };
/* End PBXFileReference section */

/* Begin PBXFrameworksBuildPhase section */
		951CD74EA9B268B385A2CF27 /* Frameworks */ = {
			isa = PBXFrameworksBuildPhase;
			buildActionMask = 2147483647;
			files = (
				FC04327E65A33CCE2DC558BC /* Core in Frameworks */,
				EF3D682D4D3AABF0D61778D8 /* ParakeetTranscription in Frameworks */,
			);
			runOnlyForDeploymentPostprocessing = 0;
		};
/* End PBXFrameworksBuildPhase section */

/* Begin PBXGroup section */
		5A53FFE121FB97C65A92DFF0 = {
			isa = PBXGroup;
			children = (
				A8E3B8027DDEAE6D7C5AC35C /* MeetingApp */,
				8CA8CA1C122159580FC0C24F /* Packages */,
				FADF1FD5BC62D51FB5198886 /* Tests */,
				E9EDF2A9ABEDBBD8AFDCC495 /* Products */,
			);
			sourceTree = "<group>";
		};
		6616CE250FB48BA0F4817DE2 /* Services */ = {
			isa = PBXGroup;
			children = (
				451BEAF6CC438B064151CA27 /* AudioFileWriter.swift */,
				62DC85645B8DE583572E3ED5 /* CapturePermissionService.swift */,
				06A155B71947110ED58678EA /* MeetingAudioRecorder.swift */,
				DD66285D8F2CBA7CB3DEFFF2 /* MicrophoneCaptureEngine.swift */,
				43400D481036FC34FFE1BF37 /* RecordingArtifactLoader.swift */,
				223C2A7C03C01CB23BEDB386 /* SystemAudioCaptureEngine.swift */,
				9F914C0F699D291895522F9C /* TranscriptionRunner.swift */,
			);
			path = Services;
			sourceTree = "<group>";
		};
		85DB71DB4FA48DE034D55AF2 /* Models */ = {
			isa = PBXGroup;
			children = (
				C11902F01ED7120E74E73647 /* RecordingArtifact.swift */,
				87D6EF0156D37731D6967E37 /* RecordingSessionState.swift */,
			);
			path = Models;
			sourceTree = "<group>";
		};
		8CA8CA1C122159580FC0C24F /* Packages */ = {
			isa = PBXGroup;
			children = (
				46E9DA57938E7A2832536831 /* Core */,
			);
			name = Packages;
			sourceTree = "<group>";
		};
		A8E3B8027DDEAE6D7C5AC35C /* MeetingApp */ = {
			isa = PBXGroup;
			children = (
				8ACF93E700C756985B60BA36 /* MeetingApp.swift */,
				85DB71DB4FA48DE034D55AF2 /* Models */,
				6616CE250FB48BA0F4817DE2 /* Services */,
				AC6CE65D17B7113820B8EEC7 /* ViewModels */,
				CC1678FA11B354B6F7357766 /* Views */,
			);
			path = MeetingApp;
			sourceTree = "<group>";
		};
		AC6CE65D17B7113820B8EEC7 /* ViewModels */ = {
			isa = PBXGroup;
			children = (
				064BAFDF0638EAC979E7F367 /* RecordingSessionViewModel.swift */,
				61CE2BE8B91D2E7F55680EA9 /* TranscriptionProofViewModel.swift */,
				F9F246A691D0E47356F58FB4 /* TranscriptPanelViewModel.swift */,
			);
			path = ViewModels;
			sourceTree = "<group>";
		};
		CC1678FA11B354B6F7357766 /* Views */ = {
			isa = PBXGroup;
			children = (
				419D91AE242DAC5C688FC9D8 /* CaptureProofView.swift */,
				4E8920AF953BCD4CA157D651 /* ContentView.swift */,
				7F16B981BF231227F81D57CE /* TranscriptPanelView.swift */,
			);
			path = Views;
			sourceTree = "<group>";
		};
		E9EDF2A9ABEDBBD8AFDCC495 /* Products */ = {
			isa = PBXGroup;
			children = (
				DF8C21534E2AD124148F3AA2 /* MeetingApp.app */,
				DFCA7C7F92EE7AAEBE737435 /* MeetingAppTests.xctest */,
			);
			name = Products;
			sourceTree = "<group>";
		};
		FADF1FD5BC62D51FB5198886 /* Tests */ = {
			isa = PBXGroup;
			children = (
				0A3F22604AFDA885ACF8724B /* AudioFileWriterTests.swift */,
				29A091269E33601A9E374A8A /* MeetingAppTests.swift */,
				0F3BAF037C02A24C12EA855F /* MeetingAudioRecorderTests.swift */,
				8388E2E2A8602AFE460EF2B4 /* RecordingArtifactLoaderTests.swift */,
				C9411E7FD1C434C55D79C222 /* RecordingSessionViewModelTests.swift */,
				429E882D9B8A3C246F8A7734 /* TranscriptionProofViewModelTests.swift */,
				9FB9D832AFFFE1BD2FD71716 /* TranscriptionRunnerTests.swift */,
				D647CC7778089DC12A41AE78 /* TranscriptPanelViewModelTests.swift */,
			);
			path = Tests;
			sourceTree = "<group>";
		};
/* End PBXGroup section */

/* Begin PBXNativeTarget section */
		1E54C6D1533F26DC778DEE74 /* MeetingAppTests */ = {
			isa = PBXNativeTarget;
			buildConfigurationList = C04CB22A82EC880097BFB6D0 /* Build configuration list for PBXNativeTarget "MeetingAppTests" */;
			buildPhases = (
				EF8187A1E29E8909BDBE10DC /* Sources */,
			);
			buildRules = (
			);
			dependencies = (
				60EC656D2E78A40FF519DDFE /* PBXTargetDependency */,
			);
			name = MeetingAppTests;
			packageProductDependencies = (
			);
			productName = MeetingAppTests;
			productReference = DFCA7C7F92EE7AAEBE737435 /* MeetingAppTests.xctest */;
			productType = "com.apple.product-type.bundle.unit-test";
		};
		8D2D29AB71085DA3CCC8E8E7 /* MeetingApp */ = {
			isa = PBXNativeTarget;
			buildConfigurationList = 0340C086056136758E9F952E /* Build configuration list for PBXNativeTarget "MeetingApp" */;
			buildPhases = (
				1BE3311B3818683B38328E55 /* Sources */,
				951CD74EA9B268B385A2CF27 /* Frameworks */,
			);
			buildRules = (
			);
			dependencies = (
			);
			name = MeetingApp;
			packageProductDependencies = (
				BA2339EA45BF208415E352C7 /* Core */,
				E21F645D8DBD4B47429574C5 /* ParakeetTranscription */,
			);
			productName = MeetingApp;
			productReference = DF8C21534E2AD124148F3AA2 /* MeetingApp.app */;
			productType = "com.apple.product-type.application";
		};
/* End PBXNativeTarget section */

/* Begin PBXProject section */
		28ED3300EDBAAB8CE193096A /* Project object */ = {
			isa = PBXProject;
			attributes = {
				BuildIndependentTargetsInParallel = YES;
				LastUpgradeCheck = 1430;
				TargetAttributes = {
					8D2D29AB71085DA3CCC8E8E7 = {
						ProvisioningStyle = Automatic;
					};
				};
			};
			buildConfigurationList = A29B8B69FECFDEAB2BE6B958 /* Build configuration list for PBXProject "MeetingApp" */;
			developmentRegion = en;
			hasScannedForEncodings = 0;
			knownRegions = (
				Base,
				en,
			);
			mainGroup = 5A53FFE121FB97C65A92DFF0;
			minimizedProjectReferenceProxies = 1;
			packageReferences = (
				9092B0A11A88FBD2F7ACCDE8 /* XCLocalSwiftPackageReference "../../packages/Core" */,
			);
			preferredProjectObjectVersion = 77;
			productRefGroup = E9EDF2A9ABEDBBD8AFDCC495 /* Products */;
			projectDirPath = "";
			projectRoot = "";
			targets = (
				8D2D29AB71085DA3CCC8E8E7 /* MeetingApp */,
				1E54C6D1533F26DC778DEE74 /* MeetingAppTests */,
			);
		};
/* End PBXProject section */

/* Begin PBXSourcesBuildPhase section */
		1BE3311B3818683B38328E55 /* Sources */ = {
			isa = PBXSourcesBuildPhase;
			buildActionMask = 2147483647;
			files = (
				C5625129D18F3262E17457DC /* AudioFileWriter.swift in Sources */,
				517A5ED8BEE48E3CFDF28957 /* CapturePermissionService.swift in Sources */,
				22ADD5AAC585D0D7139B11BE /* CaptureProofView.swift in Sources */,
				B44DAA8658A769593B0C91FE /* ContentView.swift in Sources */,
				F7FD1EEAE3A3C4C338764BF2 /* MeetingApp.swift in Sources */,
				61E37928C23DD826547B5DE0 /* MeetingAudioRecorder.swift in Sources */,
				B43B0257939E37161E4EB58F /* MicrophoneCaptureEngine.swift in Sources */,
				FDEB727E988A272D6F1AE77B /* RecordingArtifact.swift in Sources */,
				372E79EB4C22E5BBE52A3433 /* RecordingArtifactLoader.swift in Sources */,
				90C6DD4DEC79EC36C72ABB93 /* RecordingSessionState.swift in Sources */,
				6EE38469A5CACEFAF00A514B /* RecordingSessionViewModel.swift in Sources */,
				A715B3731A9857B6CA2B1257 /* SystemAudioCaptureEngine.swift in Sources */,
				E0F2833EE4C2EEE295DA1D73 /* TranscriptPanelView.swift in Sources */,
				C7E9361BB71B5846D90D9AB5 /* TranscriptPanelViewModel.swift in Sources */,
				C680CB2EF4B041617A694C35 /* TranscriptionProofViewModel.swift in Sources */,
				01827426B40FF7A80DD5F44A /* TranscriptionRunner.swift in Sources */,
			);
			runOnlyForDeploymentPostprocessing = 0;
		};
		EF8187A1E29E8909BDBE10DC /* Sources */ = {
			isa = PBXSourcesBuildPhase;
			buildActionMask = 2147483647;
			files = (
				24FD468FAE603EE0F20A756A /* AudioFileWriterTests.swift in Sources */,
				460E9E4DA89D6D428159F1C3 /* MeetingAppTests.swift in Sources */,
				9DA7D709B5E6DB0D3E4EAE82 /* MeetingAudioRecorderTests.swift in Sources */,
				6F9CDC96368BFC030EC5FE19 /* RecordingArtifactLoaderTests.swift in Sources */,
				9489B698C3BE72507B623DB8 /* RecordingSessionViewModelTests.swift in Sources */,
				2F72FFD4177EFA69922C2963 /* TranscriptPanelViewModelTests.swift in Sources */,
				6D97A96B1B39BA6EEEE9AC4C /* TranscriptionProofViewModelTests.swift in Sources */,
				6F941C0385DBE07C9F20884A /* TranscriptionRunnerTests.swift in Sources */,
			);
			runOnlyForDeploymentPostprocessing = 0;
		};
/* End PBXSourcesBuildPhase section */

/* Begin PBXTargetDependency section */
		60EC656D2E78A40FF519DDFE /* PBXTargetDependency */ = {
			isa = PBXTargetDependency;
			target = 8D2D29AB71085DA3CCC8E8E7 /* MeetingApp */;
			targetProxy = 673E79854C73C156E641029F /* PBXContainerItemProxy */;
		};
/* End PBXTargetDependency section */

/* Begin XCBuildConfiguration section */
		1E331B9F68B81DC0E71B1B5F /* Release */ = {
			isa = XCBuildConfiguration;
			buildSettings = {
				ALWAYS_SEARCH_USER_PATHS = NO;
				CLANG_ANALYZER_NONNULL = YES;
				CLANG_ANALYZER_NUMBER_OBJECT_CONVERSION = YES_AGGRESSIVE;
				CLANG_CXX_LANGUAGE_STANDARD = "gnu++14";
				CLANG_CXX_LIBRARY = "libc++";
				CLANG_ENABLE_MODULES = YES;
				CLANG_ENABLE_OBJC_ARC = YES;
				CLANG_ENABLE_OBJC_WEAK = YES;
				CLANG_WARN_BLOCK_CAPTURE_AUTORELEASING = YES;
				CLANG_WARN_BOOL_CONVERSION = YES;
				CLANG_WARN_COMMA = YES;
				CLANG_WARN_CONSTANT_CONVERSION = YES;
				CLANG_WARN_DEPRECATED_OBJC_IMPLEMENTATIONS = YES;
				CLANG_WARN_DIRECT_OBJC_ISA_USAGE = YES_ERROR;
				CLANG_WARN_DOCUMENTATION_COMMENTS = YES;
				CLANG_WARN_EMPTY_BODY = YES;
				CLANG_WARN_ENUM_CONVERSION = YES;
				CLANG_WARN_INFINITE_RECURSION = YES;
				CLANG_WARN_INT_CONVERSION = YES;
				CLANG_WARN_NON_LITERAL_NULL_CONVERSION = YES;
				CLANG_WARN_OBJC_IMPLICIT_RETAIN_SELF = YES;
				CLANG_WARN_OBJC_LITERAL_CONVERSION = YES;
				CLANG_WARN_OBJC_ROOT_CLASS = YES_ERROR;
				CLANG_WARN_QUOTED_INCLUDE_IN_FRAMEWORK_HEADER = YES;
				CLANG_WARN_RANGE_LOOP_ANALYSIS = YES;
				CLANG_WARN_STRICT_PROTOTYPES = YES;
				CLANG_WARN_SUSPICIOUS_MOVE = YES;
				CLANG_WARN_UNGUARDED_AVAILABILITY = YES_AGGRESSIVE;
				CLANG_WARN_UNREACHABLE_CODE = YES;
				CLANG_WARN__DUPLICATE_METHOD_MATCH = YES;
				COPY_PHASE_STRIP = NO;
				DEBUG_INFORMATION_FORMAT = "dwarf-with-dsym";
				ENABLE_NS_ASSERTIONS = NO;
				ENABLE_STRICT_OBJC_MSGSEND = YES;
				GCC_C_LANGUAGE_STANDARD = gnu11;
				GCC_NO_COMMON_BLOCKS = YES;
				GCC_WARN_64_TO_32_BIT_CONVERSION = YES;
				GCC_WARN_ABOUT_RETURN_TYPE = YES_ERROR;
				GCC_WARN_UNDECLARED_SELECTOR = YES;
				GCC_WARN_UNINITIALIZED_AUTOS = YES_AGGRESSIVE;
				GCC_WARN_UNUSED_FUNCTION = YES;
				GCC_WARN_UNUSED_VARIABLE = YES;
				MTL_ENABLE_DEBUG_INFO = NO;
				MTL_FAST_MATH = YES;
				PRODUCT_NAME = "$(TARGET_NAME)";
				SDKROOT = macosx;
				SWIFT_COMPILATION_MODE = wholemodule;
				SWIFT_OPTIMIZATION_LEVEL = "-O";
				SWIFT_VERSION = 6.0;
			};
			name = Release;
		};
		2DBC7252CE4856B81BA146CE /* Release */ = {
			isa = XCBuildConfiguration;
			buildSettings = {
				ASSETCATALOG_COMPILER_APPICON_NAME = AppIcon;
				CODE_SIGNING_ALLOWED = NO;
				CODE_SIGN_STYLE = Automatic;
				COMBINE_HIDPI_IMAGES = YES;
				GENERATE_INFOPLIST_FILE = YES;
				INFOPLIST_KEY_CFBundleDisplayName = "Meeting Second Brain";
				INFOPLIST_KEY_NSMicrophoneUsageDescription = "Meeting Second Brain records your microphone during meeting capture.";
				LD_RUNPATH_SEARCH_PATHS = (
					"$(inherited)",
					"@executable_path/../Frameworks",
				);
				MACOSX_DEPLOYMENT_TARGET = 14.0;
				PRODUCT_BUNDLE_IDENTIFIER = com.sajor2000.meetingsecondbrain.mac;
				PRODUCT_NAME = MeetingApp;
				SDKROOT = macosx;
			};
			name = Release;
		};
		51EDFCA00458548A68AEF083 /* Release */ = {
			isa = XCBuildConfiguration;
			buildSettings = {
				BUNDLE_LOADER = "$(TEST_HOST)";
				CODE_SIGNING_ALLOWED = NO;
				COMBINE_HIDPI_IMAGES = YES;
				GENERATE_INFOPLIST_FILE = YES;
				LD_RUNPATH_SEARCH_PATHS = (
					"$(inherited)",
					"@executable_path/../Frameworks",
					"@loader_path/../Frameworks",
				);
				MACOSX_DEPLOYMENT_TARGET = 14.0;
				PRODUCT_BUNDLE_IDENTIFIER = com.sajor2000.meetingsecondbrain.mac.tests;
				SDKROOT = macosx;
				TEST_HOST = "$(BUILT_PRODUCTS_DIR)/MeetingApp.app/Contents/MacOS/MeetingApp";
			};
			name = Release;
		};
		6AECB8F584385AB3B9B09E02 /* Debug */ = {
			isa = XCBuildConfiguration;
			buildSettings = {
				ALWAYS_SEARCH_USER_PATHS = NO;
				CLANG_ANALYZER_NONNULL = YES;
				CLANG_ANALYZER_NUMBER_OBJECT_CONVERSION = YES_AGGRESSIVE;
				CLANG_CXX_LANGUAGE_STANDARD = "gnu++14";
				CLANG_CXX_LIBRARY = "libc++";
				CLANG_ENABLE_MODULES = YES;
				CLANG_ENABLE_OBJC_ARC = YES;
				CLANG_ENABLE_OBJC_WEAK = YES;
				CLANG_WARN_BLOCK_CAPTURE_AUTORELEASING = YES;
				CLANG_WARN_BOOL_CONVERSION = YES;
				CLANG_WARN_COMMA = YES;
				CLANG_WARN_CONSTANT_CONVERSION = YES;
				CLANG_WARN_DEPRECATED_OBJC_IMPLEMENTATIONS = YES;
				CLANG_WARN_DIRECT_OBJC_ISA_USAGE = YES_ERROR;
				CLANG_WARN_DOCUMENTATION_COMMENTS = YES;
				CLANG_WARN_EMPTY_BODY = YES;
				CLANG_WARN_ENUM_CONVERSION = YES;
				CLANG_WARN_INFINITE_RECURSION = YES;
				CLANG_WARN_INT_CONVERSION = YES;
				CLANG_WARN_NON_LITERAL_NULL_CONVERSION = YES;
				CLANG_WARN_OBJC_IMPLICIT_RETAIN_SELF = YES;
				CLANG_WARN_OBJC_LITERAL_CONVERSION = YES;
				CLANG_WARN_OBJC_ROOT_CLASS = YES_ERROR;
				CLANG_WARN_QUOTED_INCLUDE_IN_FRAMEWORK_HEADER = YES;
				CLANG_WARN_RANGE_LOOP_ANALYSIS = YES;
				CLANG_WARN_STRICT_PROTOTYPES = YES;
				CLANG_WARN_SUSPICIOUS_MOVE = YES;
				CLANG_WARN_UNGUARDED_AVAILABILITY = YES_AGGRESSIVE;
				CLANG_WARN_UNREACHABLE_CODE = YES;
				CLANG_WARN__DUPLICATE_METHOD_MATCH = YES;
				COPY_PHASE_STRIP = NO;
				DEBUG_INFORMATION_FORMAT = dwarf;
				ENABLE_STRICT_OBJC_MSGSEND = YES;
				ENABLE_TESTABILITY = YES;
				GCC_C_LANGUAGE_STANDARD = gnu11;
				GCC_DYNAMIC_NO_PIC = NO;
				GCC_NO_COMMON_BLOCKS = YES;
				GCC_OPTIMIZATION_LEVEL = 0;
				GCC_PREPROCESSOR_DEFINITIONS = (
					"$(inherited)",
					"DEBUG=1",
				);
				GCC_WARN_64_TO_32_BIT_CONVERSION = YES;
				GCC_WARN_ABOUT_RETURN_TYPE = YES_ERROR;
				GCC_WARN_UNDECLARED_SELECTOR = YES;
				GCC_WARN_UNINITIALIZED_AUTOS = YES_AGGRESSIVE;
				GCC_WARN_UNUSED_FUNCTION = YES;
				GCC_WARN_UNUSED_VARIABLE = YES;
				MTL_ENABLE_DEBUG_INFO = INCLUDE_SOURCE;
				MTL_FAST_MATH = YES;
				ONLY_ACTIVE_ARCH = YES;
				PRODUCT_NAME = "$(TARGET_NAME)";
				SDKROOT = macosx;
				SWIFT_ACTIVE_COMPILATION_CONDITIONS = DEBUG;
				SWIFT_OPTIMIZATION_LEVEL = "-Onone";
				SWIFT_VERSION = 6.0;
			};
			name = Debug;
		};
		B7A63F140F0A0469E3D73804 /* Debug */ = {
			isa = XCBuildConfiguration;
			buildSettings = {
				BUNDLE_LOADER = "$(TEST_HOST)";
				CODE_SIGNING_ALLOWED = NO;
				COMBINE_HIDPI_IMAGES = YES;
				GENERATE_INFOPLIST_FILE = YES;
				LD_RUNPATH_SEARCH_PATHS = (
					"$(inherited)",
					"@executable_path/../Frameworks",
					"@loader_path/../Frameworks",
				);
				MACOSX_DEPLOYMENT_TARGET = 14.0;
				PRODUCT_BUNDLE_IDENTIFIER = com.sajor2000.meetingsecondbrain.mac.tests;
				SDKROOT = macosx;
				TEST_HOST = "$(BUILT_PRODUCTS_DIR)/MeetingApp.app/Contents/MacOS/MeetingApp";
			};
			name = Debug;
		};
		C7C8DDB2F446642156D629F5 /* Debug */ = {
			isa = XCBuildConfiguration;
			buildSettings = {
				ASSETCATALOG_COMPILER_APPICON_NAME = AppIcon;
				CODE_SIGNING_ALLOWED = NO;
				CODE_SIGN_STYLE = Automatic;
				COMBINE_HIDPI_IMAGES = YES;
				GENERATE_INFOPLIST_FILE = YES;
				INFOPLIST_KEY_CFBundleDisplayName = "Meeting Second Brain";
				INFOPLIST_KEY_NSMicrophoneUsageDescription = "Meeting Second Brain records your microphone during meeting capture.";
				LD_RUNPATH_SEARCH_PATHS = (
					"$(inherited)",
					"@executable_path/../Frameworks",
				);
				MACOSX_DEPLOYMENT_TARGET = 14.0;
				PRODUCT_BUNDLE_IDENTIFIER = com.sajor2000.meetingsecondbrain.mac;
				PRODUCT_NAME = MeetingApp;
				SDKROOT = macosx;
			};
			name = Debug;
		};
/* End XCBuildConfiguration section */

/* Begin XCConfigurationList section */
		0340C086056136758E9F952E /* Build configuration list for PBXNativeTarget "MeetingApp" */ = {
			isa = XCConfigurationList;
			buildConfigurations = (
				C7C8DDB2F446642156D629F5 /* Debug */,
				2DBC7252CE4856B81BA146CE /* Release */,
			);
			defaultConfigurationIsVisible = 0;
			defaultConfigurationName = Debug;
		};
		A29B8B69FECFDEAB2BE6B958 /* Build configuration list for PBXProject "MeetingApp" */ = {
			isa = XCConfigurationList;
			buildConfigurations = (
				6AECB8F584385AB3B9B09E02 /* Debug */,
				1E331B9F68B81DC0E71B1B5F /* Release */,
			);
			defaultConfigurationIsVisible = 0;
			defaultConfigurationName = Debug;
		};
		C04CB22A82EC880097BFB6D0 /* Build configuration list for PBXNativeTarget "MeetingAppTests" */ = {
			isa = XCConfigurationList;
			buildConfigurations = (
				B7A63F140F0A0469E3D73804 /* Debug */,
				51EDFCA00458548A68AEF083 /* Release */,
			);
			defaultConfigurationIsVisible = 0;
			defaultConfigurationName = Debug;
		};
/* End XCConfigurationList section */

/* Begin XCLocalSwiftPackageReference section */
		9092B0A11A88FBD2F7ACCDE8 /* XCLocalSwiftPackageReference "../../packages/Core" */ = {
			isa = XCLocalSwiftPackageReference;
			relativePath = ../../packages/Core;
		};
/* End XCLocalSwiftPackageReference section */

/* Begin XCSwiftPackageProductDependency section */
		BA2339EA45BF208415E352C7 /* Core */ = {
			isa = XCSwiftPackageProductDependency;
			productName = Core;
		};
		E21F645D8DBD4B47429574C5 /* ParakeetTranscription */ = {
			isa = XCSwiftPackageProductDependency;
			productName = ParakeetTranscription;
		};
/* End XCSwiftPackageProductDependency section */
	};
	rootObject = 28ED3300EDBAAB8CE193096A /* Project object */;
}
